
Microsoft Visual Studio Solution File, Format Version 12.00
# Visual Studio Version 17
VisualStudioVersion = 17.8.34330.188
MinimumVisualStudioVersion = 10.0.40219.1
Project("{FAE04EC0-301F-11D3-BF4B-00C04F79EFBC}") = "AppThreads", "AppThreads.csproj", "{2CB3DB0F-621B-4346-9B2F-F6B5AD7529F3}"
EndProject
Global
	GlobalSection(SolutionConfigurationPlatforms) = preSolution
		Debug|Any CPU = Debug|Any CPU
		Release|Any CPU = Release|Any CPU
	EndGlobalSection
	GlobalSection(ProjectConfigurationPlatforms) = postSolution
		{2CB3DB0F-621B-4346-9B2F-F6B5AD7529F3}.Debug|Any CPU.ActiveCfg = Debug|Any CPU
		{2CB3DB0F-621B-4346-9B2F-F6B5AD7529F3}.Debug|Any CPU.Build.0 = Debug|Any CPU
		{2CB3DB0F-621B-4346-9B2F-F6B5AD7529F3}.Release|Any CPU.ActiveCfg = Release|Any CPU
		{2CB3DB0F-621B-4346-9B2F-F6B5AD7529F3}.Release|Any CPU.Build.0 = Release|Any CPU
	EndGlobalSection
	GlobalSection(SolutionProperties) = preSolution
		HideSolutionNode = FALSE
	EndGlobalSection
	GlobalSection(ExtensibilityGlobals) = postSolution
		SolutionGuid = {6E2BA6D6-FD9C-4487-BD97-53309CFCEA58}
	EndGlobalSection
EndGlobal
