
Microsoft Visual Studio Solution File, Format Version 12.00
# Visual Studio Version 17
VisualStudioVersion = 17.0.31903.59
MinimumVisualStudioVersion = 10.0.40219.1
Project("{FAE04EC0-301F-11D3-BF4B-00C04F79EFBC}") = "SuperLogger", "SuperLogger\SuperLogger.csproj", "{80835986-019B-440A-8202-C808F279E0C8}"
EndProject
Project("{FAE04EC0-301F-11D3-BF4B-00C04F79EFBC}") = "SuperCalcMachine", "SuperCalcMachine\SuperCalcMachine.csproj", "{23FE0901-CF89-43FD-AC08-86A781E91C10}"
EndProject
Project("{FAE04EC0-301F-11D3-BF4B-00C04F79EFBC}") = "MyCalc", "MyCalc\MyCalc.csproj", "{E90A22F5-C4EA-4FB2-8C14-473BF04E8480}"
EndProject
Global
	GlobalSection(SolutionConfigurationPlatforms) = preSolution
		Debug|Any CPU = Debug|Any CPU
		Release|Any CPU = Release|Any CPU
	EndGlobalSection
	GlobalSection(SolutionProperties) = preSolution
		HideSolutionNode = FALSE
	EndGlobalSection
	GlobalSection(ProjectConfigurationPlatforms) = postSolution
		{80835986-019B-440A-8202-C808F279E0C8}.Debug|Any CPU.ActiveCfg = Debug|Any CPU
		{80835986-019B-440A-8202-C808F279E0C8}.Debug|Any CPU.Build.0 = Debug|Any CPU
		{80835986-019B-440A-8202-C808F279E0C8}.Release|Any CPU.ActiveCfg = Release|Any CPU
		{80835986-019B-440A-8202-C808F279E0C8}.Release|Any CPU.Build.0 = Release|Any CPU
		{23FE0901-CF89-43FD-AC08-86A781E91C10}.Debug|Any CPU.ActiveCfg = Debug|Any CPU
		{23FE0901-CF89-43FD-AC08-86A781E91C10}.Debug|Any CPU.Build.0 = Debug|Any CPU
		{23FE0901-CF89-43FD-AC08-86A781E91C10}.Release|Any CPU.ActiveCfg = Release|Any CPU
		{23FE0901-CF89-43FD-AC08-86A781E91C10}.Release|Any CPU.Build.0 = Release|Any CPU
		{E90A22F5-C4EA-4FB2-8C14-473BF04E8480}.Debug|Any CPU.ActiveCfg = Debug|Any CPU
		{E90A22F5-C4EA-4FB2-8C14-473BF04E8480}.Debug|Any CPU.Build.0 = Debug|Any CPU
		{E90A22F5-C4EA-4FB2-8C14-473BF04E8480}.Release|Any CPU.ActiveCfg = Release|Any CPU
		{E90A22F5-C4EA-4FB2-8C14-473BF04E8480}.Release|Any CPU.Build.0 = Release|Any CPU
	EndGlobalSection
EndGlobal
